
Microsoft Visual Studio Solution File, Format Version 12.00
# Visual Studio Version 17
VisualStudioVersion = 17.4.33403.182
MinimumVisualStudioVersion = 10.0.40219.1
Project("{9A19103F-16F7-4668-BE54-9A1E7A4F7556}") = "TOTKActorRepacker", "TOTKActorRepacker.csproj", "{DF450BD7-048C-477F-AFDA-6A946BF7DE1E}"
EndProject
Project("{9A19103F-16F7-4668-BE54-9A1E7A4F7556}") = "Cead", "..\Cead\src\Cead.csproj", "{D2503676-C348-4D75-A7A4-720E12DEAD77}"
EndProject
Global
	GlobalSection(SolutionConfigurationPlatforms) = preSolution
		Debug|Any CPU = Debug|Any CPU
		Debug|x64 = Debug|x64
		Release|Any CPU = Release|Any CPU
		Release|x64 = Release|x64
	EndGlobalSection
	GlobalSection(ProjectConfigurationPlatforms) = postSolution
		{DF450BD7-048C-477F-AFDA-6A946BF7DE1E}.Debug|Any CPU.ActiveCfg = Debug|Any CPU
		{DF450BD7-048C-477F-AFDA-6A946BF7DE1E}.Debug|Any CPU.Build.0 = Debug|Any CPU
		{DF450BD7-048C-477F-AFDA-6A946BF7DE1E}.Debug|x64.ActiveCfg = Debug|x64
		{DF450BD7-048C-477F-AFDA-6A946BF7DE1E}.Debug|x64.Build.0 = Debug|x64
		{DF450BD7-048C-477F-AFDA-6A946BF7DE1E}.Release|Any CPU.ActiveCfg = Release|Any CPU
		{DF450BD7-048C-477F-AFDA-6A946BF7DE1E}.Release|Any CPU.Build.0 = Release|Any CPU
		{DF450BD7-048C-477F-AFDA-6A946BF7DE1E}.Release|x64.ActiveCfg = Release|x64
		{DF450BD7-048C-477F-AFDA-6A946BF7DE1E}.Release|x64.Build.0 = Release|x64
		{D2503676-C348-4D75-A7A4-720E12DEAD77}.Debug|Any CPU.ActiveCfg = Debug|Any CPU
		{D2503676-C348-4D75-A7A4-720E12DEAD77}.Debug|Any CPU.Build.0 = Debug|Any CPU
		{D2503676-C348-4D75-A7A4-720E12DEAD77}.Debug|x64.ActiveCfg = Debug|x64
		{D2503676-C348-4D75-A7A4-720E12DEAD77}.Debug|x64.Build.0 = Debug|x64
		{D2503676-C348-4D75-A7A4-720E12DEAD77}.Release|Any CPU.ActiveCfg = Release|Any CPU
		{D2503676-C348-4D75-A7A4-720E12DEAD77}.Release|Any CPU.Build.0 = Release|Any CPU
		{D2503676-C348-4D75-A7A4-720E12DEAD77}.Release|x64.ActiveCfg = Release|x64
		{D2503676-C348-4D75-A7A4-720E12DEAD77}.Release|x64.Build.0 = Release|x64
	EndGlobalSection
	GlobalSection(SolutionProperties) = preSolution
		HideSolutionNode = FALSE
	EndGlobalSection
	GlobalSection(ExtensibilityGlobals) = postSolution
		SolutionGuid = {EEB155A0-931C-492E-A5C2-3B31D7A137F7}
	EndGlobalSection
EndGlobal
